
Microsoft Visual Studio Solution File, Format Version 12.00
# Visual Studio 2013
VisualStudioVersion = 12.0.21005.1
MinimumVisualStudioVersion = 10.0.40219.1
Project("{8D9C8A9D-5DED-4B64-BF65-B598BA549D93}") = "HealthAndSafetyApp", "HealthAndSafetyApp\HealthAndSafetyApp.lsxproj", "{7237922A-D0B5-4FDD-87D7-067D408B16FC}"
EndProject
Project("{FAE04EC0-301F-11D3-BF4B-00C04F79EFBC}") = "HealthAndSafetyApp.Server", "HealthAndSafetyApp\HealthAndSafetyApp.Server\HealthAndSafetyApp.Server.csproj", "{3ADAFB7D-C096-441F-AB96-932051F0CAF1}"
EndProject
Project("{262852C6-CD72-467D-83FE-5EEB1973A190}") = "HealthAndSafetyApp.HTMLClient", "HealthAndSafetyApp\HealthAndSafetyApp.HTMLClient\HealthAndSafetyApp.HTMLClient.jsproj", "{60828021-75B7-4401-8535-885206A6AF44}"
EndProject
Project("{FAE04EC0-301F-11D3-BF4B-00C04F79EFBC}") = "HealthAndSafetyApp.DesktopClient", "HealthAndSafetyApp\HealthAndSafetyApp.DesktopClient\HealthAndSafetyApp.DesktopClient.csproj", "{DF948CAB-18DB-4103-B8BB-7604AC578EE5}"
EndProject
Global
	GlobalSection(SolutionConfigurationPlatforms) = preSolution
		Debug|Any CPU = Debug|Any CPU
		Release|Any CPU = Release|Any CPU
	EndGlobalSection
	GlobalSection(ProjectConfigurationPlatforms) = postSolution
		{7237922A-D0B5-4FDD-87D7-067D408B16FC}.Debug|Any CPU.ActiveCfg = Debug|Any CPU
		{7237922A-D0B5-4FDD-87D7-067D408B16FC}.Debug|Any CPU.Build.0 = Debug|Any CPU
		{7237922A-D0B5-4FDD-87D7-067D408B16FC}.Release|Any CPU.ActiveCfg = Release|Any CPU
		{7237922A-D0B5-4FDD-87D7-067D408B16FC}.Release|Any CPU.Build.0 = Release|Any CPU
		{3ADAFB7D-C096-441F-AB96-932051F0CAF1}.Debug|Any CPU.ActiveCfg = Debug|Any CPU
		{3ADAFB7D-C096-441F-AB96-932051F0CAF1}.Debug|Any CPU.Build.0 = Debug|Any CPU
		{3ADAFB7D-C096-441F-AB96-932051F0CAF1}.Release|Any CPU.ActiveCfg = Release|Any CPU
		{3ADAFB7D-C096-441F-AB96-932051F0CAF1}.Release|Any CPU.Build.0 = Release|Any CPU
		{60828021-75B7-4401-8535-885206A6AF44}.Debug|Any CPU.ActiveCfg = Debug|Any CPU
		{60828021-75B7-4401-8535-885206A6AF44}.Debug|Any CPU.Build.0 = Debug|Any CPU
		{60828021-75B7-4401-8535-885206A6AF44}.Release|Any CPU.ActiveCfg = Release|Any CPU
		{60828021-75B7-4401-8535-885206A6AF44}.Release|Any CPU.Build.0 = Release|Any CPU
		{DF948CAB-18DB-4103-B8BB-7604AC578EE5}.Debug|Any CPU.ActiveCfg = Debug|Any CPU
		{DF948CAB-18DB-4103-B8BB-7604AC578EE5}.Debug|Any CPU.Build.0 = Debug|Any CPU
		{DF948CAB-18DB-4103-B8BB-7604AC578EE5}.Release|Any CPU.ActiveCfg = Release|Any CPU
		{DF948CAB-18DB-4103-B8BB-7604AC578EE5}.Release|Any CPU.Build.0 = Release|Any CPU
	EndGlobalSection
	GlobalSection(SolutionProperties) = preSolution
		HideSolutionNode = FALSE
	EndGlobalSection
EndGlobal
